
Microsoft Visual Studio Solution File, Format Version 12.00
# Visual Studio Version 17
VisualStudioVersion = 17.5.002.0
MinimumVisualStudioVersion = 10.0.40219.1
Project("{9A19103F-16F7-4668-BE54-9A1E7A4F7556}") = "UnityWebServer", "UnityWebServer.csproj", "{AA419C2D-21D5-4275-BA22-8C96EC674FEB}"
EndProject
Global
	GlobalSection(SolutionConfigurationPlatforms) = preSolution
		Debug|Any CPU = Debug|Any CPU
		Release|Any CPU = Release|Any CPU
	EndGlobalSection
	GlobalSection(ProjectConfigurationPlatforms) = postSolution
		{AA419C2D-21D5-4275-BA22-8C96EC674FEB}.Debug|Any CPU.ActiveCfg = Debug|Any CPU
		{AA419C2D-21D5-4275-BA22-8C96EC674FEB}.Debug|Any CPU.Build.0 = Debug|Any CPU
		{AA419C2D-21D5-4275-BA22-8C96EC674FEB}.Release|Any CPU.ActiveCfg = Release|Any CPU
		{AA419C2D-21D5-4275-BA22-8C96EC674FEB}.Release|Any CPU.Build.0 = Release|Any CPU
	EndGlobalSection
	GlobalSection(SolutionProperties) = preSolution
		HideSolutionNode = FALSE
	EndGlobalSection
	GlobalSection(ExtensibilityGlobals) = postSolution
		SolutionGuid = {935F098A-716A-43C3-B281-1393EC251034}
	EndGlobalSection
EndGlobal
